
Microsoft Visual Studio Solution File, Format Version 12.00
# Visual Studio 15
VisualStudioVersion = 15.0.27428.2037
MinimumVisualStudioVersion = 10.0.40219.1
Project("{FAE04EC0-301F-11D3-BF4B-00C04F79EFBC}") = "Simon Swipe", "Simon Swipe\Simon Swipe.csproj", "{B3B9CBBB-8560-45C0-BB06-09F47FDAAD9D}"
EndProject
Global
	GlobalSection(SolutionConfigurationPlatforms) = preSolution
		Debug|Any CPU = Debug|Any CPU
		Release|Any CPU = Release|Any CPU
	EndGlobalSection
	GlobalSection(ProjectConfigurationPlatforms) = postSolution
		{B3B9CBBB-8560-45C0-BB06-09F47FDAAD9D}.Debug|Any CPU.ActiveCfg = Debug|Any CPU
		{B3B9CBBB-8560-45C0-BB06-09F47FDAAD9D}.Debug|Any CPU.Build.0 = Debug|Any CPU
		{B3B9CBBB-8560-45C0-BB06-09F47FDAAD9D}.Release|Any CPU.ActiveCfg = Release|Any CPU
		{B3B9CBBB-8560-45C0-BB06-09F47FDAAD9D}.Release|Any CPU.Build.0 = Release|Any CPU
	EndGlobalSection
	GlobalSection(SolutionProperties) = preSolution
		HideSolutionNode = FALSE
	EndGlobalSection
	GlobalSection(ExtensibilityGlobals) = postSolution
		SolutionGuid = {1F40182E-4D58-4B87-B32E-D510EC0BAE2F}
	EndGlobalSection
EndGlobal
